
Microsoft Visual Studio Solution File, Format Version 12.00
# Visual Studio Version 16
VisualStudioVersion = 16.0.31829.152
MinimumVisualStudioVersion = 10.0.40219.1
Project("{FAE04EC0-301F-11D3-BF4B-00C04F79EFBC}") = "MCD_EncapsullationExample", "MCD_EncapsullationExample\MCD_EncapsullationExample.csproj", "{4F75198A-E0D7-47F4-8912-B391AA451801}"
EndProject
Global
	GlobalSection(SolutionConfigurationPlatforms) = preSolution
		Debug|Any CPU = Debug|Any CPU
		Release|Any CPU = Release|Any CPU
	EndGlobalSection
	GlobalSection(ProjectConfigurationPlatforms) = postSolution
		{4F75198A-E0D7-47F4-8912-B391AA451801}.Debug|Any CPU.ActiveCfg = Debug|Any CPU
		{4F75198A-E0D7-47F4-8912-B391AA451801}.Debug|Any CPU.Build.0 = Debug|Any CPU
		{4F75198A-E0D7-47F4-8912-B391AA451801}.Release|Any CPU.ActiveCfg = Release|Any CPU
		{4F75198A-E0D7-47F4-8912-B391AA451801}.Release|Any CPU.Build.0 = Release|Any CPU
	EndGlobalSection
	GlobalSection(SolutionProperties) = preSolution
		HideSolutionNode = FALSE
	EndGlobalSection
	GlobalSection(ExtensibilityGlobals) = postSolution
		SolutionGuid = {4576E61A-FD41-42CB-B086-06E2F76DAADD}
	EndGlobalSection
EndGlobal
